
Microsoft Visual Studio Solution File, Format Version 12.00
# Visual Studio Version 17
VisualStudioVersion = 17.5.002.0
MinimumVisualStudioVersion = 10.0.40219.1
Project("{9A19103F-16F7-4668-BE54-9A1E7A4F7556}") = "DesafioFundamentos", "DesafioFundamentos\DesafioFundamentos.csproj", "{5E8482AB-3CCD-4A05-828A-B12739BA14BF}"
EndProject
Global
	GlobalSection(SolutionConfigurationPlatforms) = preSolution
		Debug|Any CPU = Debug|Any CPU
		Release|Any CPU = Release|Any CPU
	EndGlobalSection
	GlobalSection(ProjectConfigurationPlatforms) = postSolution
		{5E8482AB-3CCD-4A05-828A-B12739BA14BF}.Debug|Any CPU.ActiveCfg = Debug|Any CPU
		{5E8482AB-3CCD-4A05-828A-B12739BA14BF}.Debug|Any CPU.Build.0 = Debug|Any CPU
		{5E8482AB-3CCD-4A05-828A-B12739BA14BF}.Release|Any CPU.ActiveCfg = Release|Any CPU
		{5E8482AB-3CCD-4A05-828A-B12739BA14BF}.Release|Any CPU.Build.0 = Release|Any CPU
	EndGlobalSection
	GlobalSection(SolutionProperties) = preSolution
		HideSolutionNode = FALSE
	EndGlobalSection
	GlobalSection(ExtensibilityGlobals) = postSolution
		SolutionGuid = {ADA8E2AD-E07E-4DDC-B544-D6ADFD675F2A}
	EndGlobalSection
EndGlobal
